
Microsoft Visual Studio Solution File, Format Version 12.00
# Visual Studio Version 16
VisualStudioVersion = 16.0.31613.86
MinimumVisualStudioVersion = 10.0.40219.1
Project("{FAE04EC0-301F-11D3-BF4B-00C04F79EFBC}") = "Zahlen erraten", "Zahlen erraten\Zahlen erraten.csproj", "{1993D604-98AF-4C29-AAF8-F4206AA3FEE2}"
EndProject
Global
	GlobalSection(SolutionConfigurationPlatforms) = preSolution
		Debug|Any CPU = Debug|Any CPU
		Release|Any CPU = Release|Any CPU
	EndGlobalSection
	GlobalSection(ProjectConfigurationPlatforms) = postSolution
		{1993D604-98AF-4C29-AAF8-F4206AA3FEE2}.Debug|Any CPU.ActiveCfg = Debug|Any CPU
		{1993D604-98AF-4C29-AAF8-F4206AA3FEE2}.Debug|Any CPU.Build.0 = Debug|Any CPU
		{1993D604-98AF-4C29-AAF8-F4206AA3FEE2}.Release|Any CPU.ActiveCfg = Release|Any CPU
		{1993D604-98AF-4C29-AAF8-F4206AA3FEE2}.Release|Any CPU.Build.0 = Release|Any CPU
	EndGlobalSection
	GlobalSection(SolutionProperties) = preSolution
		HideSolutionNode = FALSE
	EndGlobalSection
	GlobalSection(ExtensibilityGlobals) = postSolution
		SolutionGuid = {209ED80A-F0F2-4E03-9CB0-43DE5912DD60}
	EndGlobalSection
EndGlobal
